
Microsoft Visual Studio Solution File, Format Version 12.00
# Visual Studio Version 16
VisualStudioVersion = 16.0.31005.135
MinimumVisualStudioVersion = 10.0.40219.1
Project("{9A19103F-16F7-4668-BE54-9A1E7A4F7556}") = "BunningsCodeSkillsChallenge", "BunningsCodeSkillsChallenge\BunningsCodeSkillsChallenge.csproj", "{06B8126F-74B0-4F55-B043-1ADC9D046524}"
EndProject
Project("{FAE04EC0-301F-11D3-BF4B-00C04F79EFBC}") = "BunningsCodeSkillsChallenge.Domain", "BunningsCodeSkillsChallenge.Domain\BunningsCodeSkillsChallenge.Domain.csproj", "{0194C375-4D25-4FE0-B9CF-346BD4999403}"
EndProject
Project("{9A19103F-16F7-4668-BE54-9A1E7A4F7556}") = "BunningsCodeSkillsChallenge.UnitTests", "BunningsCodeSkillsChallenge.UnitTests\BunningsCodeSkillsChallenge.UnitTests.csproj", "{D6515919-DFB8-40D9-A486-11723DD08198}"
EndProject
Global
	GlobalSection(SolutionConfigurationPlatforms) = preSolution
		Debug|Any CPU = Debug|Any CPU
		Release|Any CPU = Release|Any CPU
	EndGlobalSection
	GlobalSection(ProjectConfigurationPlatforms) = postSolution
		{06B8126F-74B0-4F55-B043-1ADC9D046524}.Debug|Any CPU.ActiveCfg = Debug|Any CPU
		{06B8126F-74B0-4F55-B043-1ADC9D046524}.Debug|Any CPU.Build.0 = Debug|Any CPU
		{06B8126F-74B0-4F55-B043-1ADC9D046524}.Release|Any CPU.ActiveCfg = Release|Any CPU
		{06B8126F-74B0-4F55-B043-1ADC9D046524}.Release|Any CPU.Build.0 = Release|Any CPU
		{0194C375-4D25-4FE0-B9CF-346BD4999403}.Debug|Any CPU.ActiveCfg = Debug|Any CPU
		{0194C375-4D25-4FE0-B9CF-346BD4999403}.Debug|Any CPU.Build.0 = Debug|Any CPU
		{0194C375-4D25-4FE0-B9CF-346BD4999403}.Release|Any CPU.ActiveCfg = Release|Any CPU
		{0194C375-4D25-4FE0-B9CF-346BD4999403}.Release|Any CPU.Build.0 = Release|Any CPU
		{D6515919-DFB8-40D9-A486-11723DD08198}.Debug|Any CPU.ActiveCfg = Debug|Any CPU
		{D6515919-DFB8-40D9-A486-11723DD08198}.Debug|Any CPU.Build.0 = Debug|Any CPU
		{D6515919-DFB8-40D9-A486-11723DD08198}.Release|Any CPU.ActiveCfg = Release|Any CPU
		{D6515919-DFB8-40D9-A486-11723DD08198}.Release|Any CPU.Build.0 = Release|Any CPU
	EndGlobalSection
	GlobalSection(SolutionProperties) = preSolution
		HideSolutionNode = FALSE
	EndGlobalSection
	GlobalSection(ExtensibilityGlobals) = postSolution
		SolutionGuid = {FB3E6C3C-C1D5-45BB-93C7-31F8101E88C8}
	EndGlobalSection
EndGlobal
